
Microsoft Visual Studio Solution File, Format Version 12.00
# Visual Studio Version 17
VisualStudioVersion = 17.13.35806.99 d17.13
MinimumVisualStudioVersion = 10.0.40219.1
Project("{FAE04EC0-301F-11D3-BF4B-00C04F79EFBC}") = "ASPCoreWebAPICRUD", "ASPCoreWebAPICRUD\ASPCoreWebAPICRUD.csproj", "{EC0E678D-F352-4777-B365-2911D9ED3003}"
EndProject
Global
	GlobalSection(SolutionConfigurationPlatforms) = preSolution
		Debug|Any CPU = Debug|Any CPU
		Release|Any CPU = Release|Any CPU
	EndGlobalSection
	GlobalSection(ProjectConfigurationPlatforms) = postSolution
		{EC0E678D-F352-4777-B365-2911D9ED3003}.Debug|Any CPU.ActiveCfg = Debug|Any CPU
		{EC0E678D-F352-4777-B365-2911D9ED3003}.Debug|Any CPU.Build.0 = Debug|Any CPU
		{EC0E678D-F352-4777-B365-2911D9ED3003}.Release|Any CPU.ActiveCfg = Release|Any CPU
		{EC0E678D-F352-4777-B365-2911D9ED3003}.Release|Any CPU.Build.0 = Release|Any CPU
	EndGlobalSection
	GlobalSection(SolutionProperties) = preSolution
		HideSolutionNode = FALSE
	EndGlobalSection
	GlobalSection(ExtensibilityGlobals) = postSolution
		SolutionGuid = {E01E6B53-3A1D-4883-AB1A-D8AFE23F02D3}
	EndGlobalSection
EndGlobal
